
Microsoft Visual Studio Solution File, Format Version 12.00
# Visual Studio 15
Project("{FAE04EC0-301F-11D3-BF4B-00C04F79EFBC}") = "CommunicationBoard-V1", "Assembly-CSharp.csproj", "{07347194-666F-F598-C7BB-5DF19B564FFE}"
EndProject
Project("{FAE04EC0-301F-11D3-BF4B-00C04F79EFBC}") = "CommunicationBoard-V1", "Assembly-CSharp-Editor.csproj", "{FCB38F48-4526-7B00-FABA-316591BD8592}"
EndProject
Global
	GlobalSection(SolutionConfigurationPlatforms) = preSolution
		Debug|Any CPU = Debug|Any CPU
		Release|Any CPU = Release|Any CPU
	EndGlobalSection
	GlobalSection(ProjectConfigurationPlatforms) = postSolution
		{07347194-666F-F598-C7BB-5DF19B564FFE}.Debug|Any CPU.ActiveCfg = Debug|Any CPU
		{07347194-666F-F598-C7BB-5DF19B564FFE}.Debug|Any CPU.Build.0 = Debug|Any CPU
		{07347194-666F-F598-C7BB-5DF19B564FFE}.Release|Any CPU.ActiveCfg = Release|Any CPU
		{07347194-666F-F598-C7BB-5DF19B564FFE}.Release|Any CPU.Build.0 = Release|Any CPU
		{FCB38F48-4526-7B00-FABA-316591BD8592}.Debug|Any CPU.ActiveCfg = Debug|Any CPU
		{FCB38F48-4526-7B00-FABA-316591BD8592}.Debug|Any CPU.Build.0 = Debug|Any CPU
		{FCB38F48-4526-7B00-FABA-316591BD8592}.Release|Any CPU.ActiveCfg = Release|Any CPU
		{FCB38F48-4526-7B00-FABA-316591BD8592}.Release|Any CPU.Build.0 = Release|Any CPU
	EndGlobalSection
	GlobalSection(SolutionProperties) = preSolution
		HideSolutionNode = FALSE
	EndGlobalSection
EndGlobal
